
Microsoft Visual Studio Solution File, Format Version 12.00
# Visual Studio Version 16
VisualStudioVersion = 16.0.33328.57
MinimumVisualStudioVersion = 10.0.40219.1
Project("{FAE04EC0-301F-11D3-BF4B-00C04F79EFBC}") = "QLBH_LeatherNotebooksShopApp", "QLBH_LeatherNotebooksShopApp\QLBH_LeatherNotebooksShopApp.csproj", "{0C564794-E182-4FA7-A125-46D21964EC4E}"
EndProject
Global
	GlobalSection(SolutionConfigurationPlatforms) = preSolution
		Debug|Any CPU = Debug|Any CPU
		Release|Any CPU = Release|Any CPU
	EndGlobalSection
	GlobalSection(ProjectConfigurationPlatforms) = postSolution
		{0C564794-E182-4FA7-A125-46D21964EC4E}.Debug|Any CPU.ActiveCfg = Debug|Any CPU
		{0C564794-E182-4FA7-A125-46D21964EC4E}.Debug|Any CPU.Build.0 = Debug|Any CPU
		{0C564794-E182-4FA7-A125-46D21964EC4E}.Release|Any CPU.ActiveCfg = Release|Any CPU
		{0C564794-E182-4FA7-A125-46D21964EC4E}.Release|Any CPU.Build.0 = Release|Any CPU
	EndGlobalSection
	GlobalSection(SolutionProperties) = preSolution
		HideSolutionNode = FALSE
	EndGlobalSection
	GlobalSection(ExtensibilityGlobals) = postSolution
		SolutionGuid = {E89246E6-B92A-4914-BC3E-98839D99FF38}
	EndGlobalSection
EndGlobal
